
Microsoft Visual Studio Solution File, Format Version 12.00
# Visual Studio Version 16
VisualStudioVersion = 16.0.31105.61
MinimumVisualStudioVersion = 10.0.40219.1
Project("{FAE04EC0-301F-11D3-BF4B-00C04F79EFBC}") = "MMK_LB_2_SIMPLEX", "MMK_LB_2_SIMPLEX.csproj", "{1647E566-66B0-428D-9ED2-CBA49CA9BE07}"
EndProject
Global
	GlobalSection(SolutionConfigurationPlatforms) = preSolution
		Debug|Any CPU = Debug|Any CPU
		Release|Any CPU = Release|Any CPU
	EndGlobalSection
	GlobalSection(ProjectConfigurationPlatforms) = postSolution
		{1647E566-66B0-428D-9ED2-CBA49CA9BE07}.Debug|Any CPU.ActiveCfg = Debug|Any CPU
		{1647E566-66B0-428D-9ED2-CBA49CA9BE07}.Debug|Any CPU.Build.0 = Debug|Any CPU
		{1647E566-66B0-428D-9ED2-CBA49CA9BE07}.Release|Any CPU.ActiveCfg = Release|Any CPU
		{1647E566-66B0-428D-9ED2-CBA49CA9BE07}.Release|Any CPU.Build.0 = Release|Any CPU
	EndGlobalSection
	GlobalSection(SolutionProperties) = preSolution
		HideSolutionNode = FALSE
	EndGlobalSection
	GlobalSection(ExtensibilityGlobals) = postSolution
		SolutionGuid = {C321108F-55CB-4B91-A763-B78CD1BCF7E0}
	EndGlobalSection
EndGlobal
